
Microsoft Visual Studio Solution File, Format Version 12.00
# Visual Studio Version 16
VisualStudioVersion = 16.0.31019.35
MinimumVisualStudioVersion = 10.0.40219.1
Project("{FAE04EC0-301F-11D3-BF4B-00C04F79EFBC}") = "Juego", "Juego\Juego.csproj", "{C4FDEC09-CD16-4CED-B798-CF42FEE27CAD}"
EndProject
Global
	GlobalSection(SolutionConfigurationPlatforms) = preSolution
		Debug|Any CPU = Debug|Any CPU
		Release|Any CPU = Release|Any CPU
	EndGlobalSection
	GlobalSection(ProjectConfigurationPlatforms) = postSolution
		{C4FDEC09-CD16-4CED-B798-CF42FEE27CAD}.Debug|Any CPU.ActiveCfg = Debug|Any CPU
		{C4FDEC09-CD16-4CED-B798-CF42FEE27CAD}.Debug|Any CPU.Build.0 = Debug|Any CPU
		{C4FDEC09-CD16-4CED-B798-CF42FEE27CAD}.Release|Any CPU.ActiveCfg = Release|Any CPU
		{C4FDEC09-CD16-4CED-B798-CF42FEE27CAD}.Release|Any CPU.Build.0 = Release|Any CPU
	EndGlobalSection
	GlobalSection(SolutionProperties) = preSolution
		HideSolutionNode = FALSE
	EndGlobalSection
	GlobalSection(ExtensibilityGlobals) = postSolution
		SolutionGuid = {8A6A55E5-AA89-4ABF-9EA5-E97CDCC4609E}
	EndGlobalSection
EndGlobal
